<?xml version="1.0" encoding="utf-8"?>
<Project ToolsVersion="4.0" xmlns="http://schemas.microsoft.com/developer/msbuild/2003">
  <ItemGroup>
    <Filter Include="Source Files">
      <UniqueIdentifier>{4FC737F1-C7A5-4376-A066-2A32D752A2FF}</UniqueIdentifier>
      <Extensions>cpp;c;cc;cxx;def;odl;idl;hpj;bat;asm;asmx</Extensions>
    </Filter>
    <Filter Include="Diablo II">
      <UniqueIdentifier>{93995380-89BD-4b04-88EB-625FBE52EBFB}</UniqueIdentifier>
      <Extensions>h;hpp;hxx;hm;inl;inc;xsd</Extensions>
    </Filter>
    <Filter Include="BH">
      <UniqueIdentifier>{67DA6AB6-F800-4c08-8B7A-83BB121AAD01}</UniqueIdentifier>
      <Extensions>rc;ico;cur;bmp;dlg;rc2;rct;bin;rgs;gif;jpg;jpeg;jpe;resx;tiff;tif;png;wav;mfcribbon-ms</Extensions>
    </Filter>
    <Filter Include="Diablo II\Handlers">
      <UniqueIdentifier>{3fb34949-f942-4e49-8397-0aaedb677efe}</UniqueIdentifier>
    </Filter>
    <Filter Include="Diablo II\Intercepts">
      <UniqueIdentifier>{1874ba5c-abcf-4897-81c7-272a3e12b3a1}</UniqueIdentifier>
    </Filter>
    <Filter Include="Diablo II\Patch">
      <UniqueIdentifier>{cf564c1d-63e7-4199-a5bb-1993543feb2b}</UniqueIdentifier>
    </Filter>
    <Filter Include="Diablo II\Helpers">
      <UniqueIdentifier>{3d247880-c730-4f2e-9701-ae78c08f3a29}</UniqueIdentifier>
    </Filter>
    <Filter Include="BH\Modules">
      <UniqueIdentifier>{4cf767fa-8256-4d15-be61-8dbe65e96c6c}</UniqueIdentifier>
    </Filter>
    <Filter Include="BH\Modules\Maphack">
      <UniqueIdentifier>{9df12361-fc33-4047-ae1b-633feeee6808}</UniqueIdentifier>
    </Filter>
    <Filter Include="Diablo II\Stubs">
      <UniqueIdentifier>{1bc5b2ad-e656-4cf1-90cc-f3f1211e93b2}</UniqueIdentifier>
    </Filter>
    <Filter Include="Common">
      <UniqueIdentifier>{3e4df0ab-40cd-4fff-8264-e7415acca0fc}</UniqueIdentifier>
    </Filter>
    <Filter Include="Diablo II\Drawing">
      <UniqueIdentifier>{50180689-1893-4262-9a77-1d0acbd119b8}</UniqueIdentifier>
    </Filter>
    <Filter Include="Diablo II\Drawing\Stats">
      <UniqueIdentifier>{48014caf-89d4-4024-8f21-8ffb8a8ab945}</UniqueIdentifier>
    </Filter>
    <Filter Include="Diablo II\Drawing\UI">
      <UniqueIdentifier>{463561c9-c80d-4683-8982-9d54e3f8833c}</UniqueIdentifier>
    </Filter>
    <Filter Include="Diablo II\Drawing\Basic">
      <UniqueIdentifier>{d918b261-db1f-4a2e-8668-4590bf6e8e70}</UniqueIdentifier>
    </Filter>
    <Filter Include="Diablo II\Drawing\Advanced">
      <UniqueIdentifier>{6179e44a-8d87-4fce-ab1f-c13d3a076038}</UniqueIdentifier>
    </Filter>
    <Filter Include="Diablo II\Drawing\Basic\Texthook">
      <UniqueIdentifier>{902169df-37cc-44ba-b467-cdae9cf96f82}</UniqueIdentifier>
    </Filter>
    <Filter Include="Diablo II\Drawing\Basic\Framehook">
      <UniqueIdentifier>{126798fa-96c5-4464-a34d-eaf974bf7f95}</UniqueIdentifier>
    </Filter>
    <Filter Include="Diablo II\Drawing\Basic\Boxhook">
      <UniqueIdentifier>{bc825c98-0b49-4a71-b50c-205342104cf4}</UniqueIdentifier>
    </Filter>
    <Filter Include="Diablo II\Drawing\Basic\Linehook">
      <UniqueIdentifier>{46297c06-3c83-4fb0-be7b-b449a6eee913}</UniqueIdentifier>
    </Filter>
    <Filter Include="Diablo II\Drawing\Basic\Crosshook">
      <UniqueIdentifier>{7e04b652-0faa-4732-bbc3-ec54bd1aa084}</UniqueIdentifier>
    </Filter>
    <Filter Include="Diablo II\Drawing\Advanced\Inputhook">
      <UniqueIdentifier>{9e6401a4-1e6d-4333-9dd7-f47b2e1266f8}</UniqueIdentifier>
    </Filter>
    <Filter Include="Diablo II\Drawing\Advanced\Keyhook">
      <UniqueIdentifier>{82261fcc-eedd-4bbb-8595-047192ac0576}</UniqueIdentifier>
    </Filter>
    <Filter Include="Diablo II\Drawing\Advanced\Combohook">
      <UniqueIdentifier>{2b94c2f9-72f1-45b4-9d24-d5da78b16c44}</UniqueIdentifier>
    </Filter>
    <Filter Include="Diablo II\Drawing\Advanced\Colorhook">
      <UniqueIdentifier>{b3f08e1f-69fd-478b-ae46-37dacc8305e6}</UniqueIdentifier>
    </Filter>
    <Filter Include="Diablo II\Drawing\Advanced\Checkhook">
      <UniqueIdentifier>{31f365fb-1324-425e-b370-f17b526e2e98}</UniqueIdentifier>
    </Filter>
    <Filter Include="BH\Modules\ScreenInfo">
      <UniqueIdentifier>{0bb49c6f-c425-4b7e-9048-50150b86d308}</UniqueIdentifier>
    </Filter>
    <Filter Include="BH\Modules\Gamefilter">
      <UniqueIdentifier>{7d63d79b-3a63-4e32-aed4-6af646925d96}</UniqueIdentifier>
    </Filter>
    <Filter Include="BH\Modules\Bnet">
      <UniqueIdentifier>{db69f8fc-d5f4-4cc1-837e-83b21c73180d}</UniqueIdentifier>
    </Filter>
    <Filter Include="BH\Module">
      <UniqueIdentifier>{58df27c0-ae80-4200-ba7b-d4e0028bddee}</UniqueIdentifier>
    </Filter>
    <Filter Include="BH\Module\ModuleManager">
      <UniqueIdentifier>{3bb14dd4-54ee-4ea3-b640-4379d78769a4}</UniqueIdentifier>
    </Filter>
    <Filter Include="BH\Modules\Item">
      <UniqueIdentifier>{708dbccd-f079-4e45-98f5-2e9bb7bc0300}</UniqueIdentifier>
    </Filter>
    <Filter Include="BH\Modules\AutoTele">
      <UniqueIdentifier>{ffe5f858-beb2-4dea-bfcf-02d7f82f7640}</UniqueIdentifier>
    </Filter>
    <Filter Include="BH\Modules\AutoTele\ATIncludes">
      <UniqueIdentifier>{c11d2279-0496-458c-bdf3-a5471ff32db2}</UniqueIdentifier>
    </Filter>
    <Filter Include="BH\Modules\SpamFilter">
      <UniqueIdentifier>{e4c4be98-ecd3-4780-bd32-dbba0053421b}</UniqueIdentifier>
    </Filter>
    <Filter Include="BH\Modules\Party">
      <UniqueIdentifier>{a3450bb5-084b-42dd-b29d-0ef11e7a976d}</UniqueIdentifier>
    </Filter>
    <Filter Include="BH\Modules\ItemMover">
      <UniqueIdentifier>{f0228985-25bf-47bc-8e7e-2d5bec1a7586}</UniqueIdentifier>
    </Filter>
  </ItemGroup>
  <ItemGroup>
    <ClCompile Include="DllMain.cpp">
      <Filter>Source Files</Filter>
    </ClCompile>
    <ClCompile Include="D2Handlers.cpp">
      <Filter>Diablo II\Handlers</Filter>
    </ClCompile>
    <ClCompile Include="D2Helpers.cpp">
      <Filter>Diablo II\Helpers</Filter>
    </ClCompile>
    <ClCompile Include="D2Intercepts.cpp">
      <Filter>Diablo II\Intercepts</Filter>
    </ClCompile>
    <ClCompile Include="D2Stubs.cpp">
      <Filter>Diablo II\Stubs</Filter>
    </ClCompile>
    <ClCompile Include="Patch.cpp">
      <Filter>Diablo II\Patch</Filter>
    </ClCompile>
    <ClCompile Include="Common.cpp">
      <Filter>Common</Filter>
    </ClCompile>
    <ClCompile Include="Config.cpp">
      <Filter>Common</Filter>
    </ClCompile>
    <ClCompile Include="Modules\Maphack\Maphack.cpp">
      <Filter>BH\Modules\Maphack</Filter>
    </ClCompile>
    <ClCompile Include="Modules\ScreenInfo\ScreenInfo.cpp">
      <Filter>BH\Modules\ScreenInfo</Filter>
    </ClCompile>
    <ClCompile Include="Modules\Module.cpp">
      <Filter>BH\Module</Filter>
    </ClCompile>
    <ClCompile Include="Modules\ModuleManager.cpp">
      <Filter>BH\Module\ModuleManager</Filter>
    </ClCompile>
    <ClCompile Include="Drawing\Hook.cpp">
      <Filter>Diablo II\Drawing</Filter>
    </ClCompile>
    <ClCompile Include="Drawing\Stats\StatsDisplay.cpp">
      <Filter>Diablo II\Drawing\Stats</Filter>
    </ClCompile>
    <ClCompile Include="Drawing\UI\UI.cpp">
      <Filter>Diablo II\Drawing\UI</Filter>
    </ClCompile>
    <ClCompile Include="Drawing\UI\UITab.cpp">
      <Filter>Diablo II\Drawing\UI</Filter>
    </ClCompile>
    <ClCompile Include="Drawing\Basic\Boxhook\Boxhook.cpp">
      <Filter>Diablo II\Drawing\Basic\Boxhook</Filter>
    </ClCompile>
    <ClCompile Include="Drawing\Basic\Crosshook\Crosshook.cpp">
      <Filter>Diablo II\Drawing\Basic\Crosshook</Filter>
    </ClCompile>
    <ClCompile Include="Drawing\Basic\Framehook\Framehook.cpp">
      <Filter>Diablo II\Drawing\Basic\Framehook</Filter>
    </ClCompile>
    <ClCompile Include="Drawing\Basic\Linehook\Linehook.cpp">
      <Filter>Diablo II\Drawing\Basic\Linehook</Filter>
    </ClCompile>
    <ClCompile Include="Drawing\Basic\Texthook\Texthook.cpp">
      <Filter>Diablo II\Drawing\Basic\Texthook</Filter>
    </ClCompile>
    <ClCompile Include="Drawing\Advanced\Checkhook\Checkhook.cpp">
      <Filter>Diablo II\Drawing\Advanced\Checkhook</Filter>
    </ClCompile>
    <ClCompile Include="Drawing\Advanced\Colorhook\Colorhook.cpp">
      <Filter>Diablo II\Drawing\Advanced\Colorhook</Filter>
    </ClCompile>
    <ClCompile Include="Drawing\Advanced\Combohook\Combohook.cpp">
      <Filter>Diablo II\Drawing\Advanced\Combohook</Filter>
    </ClCompile>
    <ClCompile Include="Drawing\Advanced\Inputhook\Inputhook.cpp">
      <Filter>Diablo II\Drawing\Advanced\Inputhook</Filter>
    </ClCompile>
    <ClCompile Include="Drawing\Advanced\Keyhook\Keyhook.cpp">
      <Filter>Diablo II\Drawing\Advanced\Keyhook</Filter>
    </ClCompile>
    <ClCompile Include="Modules\Gamefilter\Gamefilter.cpp">
      <Filter>BH\Modules\Gamefilter</Filter>
    </ClCompile>
    <ClCompile Include="Modules\Bnet\Bnet.cpp">
      <Filter>BH\Modules\Bnet</Filter>
    </ClCompile>
    <ClCompile Include="Modules\Item\Item.cpp">
      <Filter>BH\Modules\Item</Filter>
    </ClCompile>
    <ClCompile Include="Modules\Item\ItemDisplay.cpp">
      <Filter>BH\Modules\Item</Filter>
    </ClCompile>
    <ClCompile Include="Modules\AutoTele\AutoTele.cpp">
      <Filter>BH\Modules\AutoTele</Filter>
    </ClCompile>
    <ClCompile Include="Modules\SpamFilter\SpamFilter.cpp">
      <Filter>BH\Modules\SpamFilter</Filter>
    </ClCompile>
    <ClCompile Include="Modules\SpamFilter\Bayes.cpp">
      <Filter>BH\Modules\SpamFilter</Filter>
    </ClCompile>
    <ClCompile Include="Modules\Party\Party.cpp">
      <Filter>BH\Modules\Party</Filter>
    </ClCompile>
    <ClCompile Include="Modules\ItemMover\ItemMover.cpp">
      <Filter>BH\Modules\ItemMover</Filter>
    </ClCompile>
    <ClCompile Include="BitReader.cpp">
      <Filter>Common</Filter>
    </ClCompile>
    <ClCompile Include="BH.cpp">
      <Filter>BH</Filter>
    </ClCompile>
    <ClCompile Include="MPQInit.cpp">
      <Filter>Common</Filter>
    </ClCompile>
  </ItemGroup>
  <ItemGroup>
    <ClInclude Include="D2Structs.h">
      <Filter>Diablo II</Filter>
    </ClInclude>
    <ClInclude Include="D2Handlers.h">
      <Filter>Diablo II\Handlers</Filter>
    </ClInclude>
    <ClInclude Include="D2Helpers.h">
      <Filter>Diablo II\Helpers</Filter>
    </ClInclude>
    <ClInclude Include="D2Intercepts.h">
      <Filter>Diablo II\Intercepts</Filter>
    </ClInclude>
    <ClInclude Include="D2Stubs.h">
      <Filter>Diablo II\Stubs</Filter>
    </ClInclude>
    <ClInclude Include="Patch.h">
      <Filter>Diablo II\Patch</Filter>
    </ClInclude>
    <ClInclude Include="Common.h">
      <Filter>Common</Filter>
    </ClInclude>
    <ClInclude Include="Config.h">
      <Filter>Common</Filter>
    </ClInclude>
    <ClInclude Include="BH.h">
      <Filter>BH</Filter>
    </ClInclude>
    <ClInclude Include="Modules.h">
      <Filter>BH\Modules</Filter>
    </ClInclude>
    <ClInclude Include="Drawing.h">
      <Filter>Diablo II\Drawing</Filter>
    </ClInclude>
    <ClInclude Include="Modules\Maphack\Maphack.h">
      <Filter>BH\Modules\Maphack</Filter>
    </ClInclude>
    <ClInclude Include="Modules\ScreenInfo\ScreenInfo.h">
      <Filter>BH\Modules\ScreenInfo</Filter>
    </ClInclude>
    <ClInclude Include="Modules\Module.h">
      <Filter>BH\Module</Filter>
    </ClInclude>
    <ClInclude Include="Modules\ModuleManager.h">
      <Filter>BH\Module\ModuleManager</Filter>
    </ClInclude>
    <ClInclude Include="Drawing\Hook.h">
      <Filter>Diablo II\Drawing</Filter>
    </ClInclude>
    <ClInclude Include="Drawing\Stats\StatsDisplay.h">
      <Filter>Diablo II\Drawing\Stats</Filter>
    </ClInclude>
    <ClInclude Include="Drawing\UI\UI.h">
      <Filter>Diablo II\Drawing\UI</Filter>
    </ClInclude>
    <ClInclude Include="Drawing\UI\UITab.h">
      <Filter>Diablo II\Drawing\UI</Filter>
    </ClInclude>
    <ClInclude Include="Drawing\Basic\Boxhook\Boxhook.h">
      <Filter>Diablo II\Drawing\Basic\Boxhook</Filter>
    </ClInclude>
    <ClInclude Include="Drawing\Basic\Crosshook\Crosshook.h">
      <Filter>Diablo II\Drawing\Basic\Crosshook</Filter>
    </ClInclude>
    <ClInclude Include="Drawing\Basic\Framehook\Framehook.h">
      <Filter>Diablo II\Drawing\Basic\Framehook</Filter>
    </ClInclude>
    <ClInclude Include="Drawing\Basic\Linehook\Linehook.h">
      <Filter>Diablo II\Drawing\Basic\Linehook</Filter>
    </ClInclude>
    <ClInclude Include="Drawing\Basic\Texthook\Texthook.h">
      <Filter>Diablo II\Drawing\Basic\Texthook</Filter>
    </ClInclude>
    <ClInclude Include="Drawing\Advanced\Checkhook\Checkhook.h">
      <Filter>Diablo II\Drawing\Advanced\Checkhook</Filter>
    </ClInclude>
    <ClInclude Include="Drawing\Advanced\Colorhook\Colorhook.h">
      <Filter>Diablo II\Drawing\Advanced\Colorhook</Filter>
    </ClInclude>
    <ClInclude Include="Drawing\Advanced\Combohook\Combohook.h">
      <Filter>Diablo II\Drawing\Advanced\Combohook</Filter>
    </ClInclude>
    <ClInclude Include="Drawing\Advanced\Inputhook\Inputhook.h">
      <Filter>Diablo II\Drawing\Advanced\Inputhook</Filter>
    </ClInclude>
    <ClInclude Include="Drawing\Advanced\Keyhook\Keyhook.h">
      <Filter>Diablo II\Drawing\Advanced\Keyhook</Filter>
    </ClInclude>
    <ClInclude Include="Modules\Gamefilter\Gamefilter.h">
      <Filter>BH\Modules\Gamefilter</Filter>
    </ClInclude>
    <ClInclude Include="Modules\Bnet\Bnet.h">
      <Filter>BH\Modules\Bnet</Filter>
    </ClInclude>
    <ClInclude Include="Modules\Item\Item.h">
      <Filter>BH\Modules\Item</Filter>
    </ClInclude>
    <ClInclude Include="Modules\Item\ItemDisplay.h">
      <Filter>BH\Modules\Item</Filter>
    </ClInclude>
    <ClInclude Include="Modules\AutoTele\AutoTele.h">
      <Filter>BH\Modules\AutoTele</Filter>
    </ClInclude>
    <ClInclude Include="Modules\AutoTele\ATIncludes\ArrayEx.h">
      <Filter>BH\Modules\AutoTele\ATIncludes</Filter>
    </ClInclude>
    <ClInclude Include="Modules\AutoTele\ATIncludes\CMapIncludes.h">
      <Filter>BH\Modules\AutoTele\ATIncludes</Filter>
    </ClInclude>
    <ClInclude Include="Modules\AutoTele\ATIncludes\CollisionMap.h">
      <Filter>BH\Modules\AutoTele\ATIncludes</Filter>
    </ClInclude>
    <ClInclude Include="Modules\AutoTele\ATIncludes\Matrix.h">
      <Filter>BH\Modules\AutoTele\ATIncludes</Filter>
    </ClInclude>
    <ClInclude Include="Modules\AutoTele\ATIncludes\TeleportPath.h">
      <Filter>BH\Modules\AutoTele\ATIncludes</Filter>
    </ClInclude>
    <ClInclude Include="Modules\AutoTele\ATIncludes\SyncObj.h">
      <Filter>BH\Modules\AutoTele\ATIncludes</Filter>
    </ClInclude>
    <ClInclude Include="Modules\SpamFilter\Bayes.h">
      <Filter>BH\Modules\SpamFilter</Filter>
    </ClInclude>
    <ClInclude Include="Modules\SpamFilter\SpamFilter.h">
      <Filter>BH\Modules\SpamFilter</Filter>
    </ClInclude>
    <ClInclude Include="Modules\Party\Party.h">
      <Filter>BH\Modules\Party</Filter>
    </ClInclude>
    <ClInclude Include="D2Ptrs.h">
      <Filter>Source Files</Filter>
    </ClInclude>
    <ClInclude Include="Modules\AutoTele\ATIncludes\Vectors.h">
      <Filter>BH\Modules\AutoTele\ATIncludes</Filter>
    </ClInclude>
    <ClInclude Include="Constants.h">
      <Filter>BH</Filter>
    </ClInclude>
    <ClInclude Include="Modules\ItemMover\ItemMover.h">
      <Filter>BH\Modules\ItemMover</Filter>
    </ClInclude>
    <ClInclude Include="BitReader.h">
      <Filter>Common</Filter>
    </ClInclude>
    <ClInclude Include="MPQInit.h">
      <Filter>Common</Filter>
    </ClInclude>
  </ItemGroup>
</Project>